
Microsoft Visual Studio Solution File, Format Version 12.00
# Visual Studio Version 16
VisualStudioVersion = 16.0.30907.101
MinimumVisualStudioVersion = 10.0.40219.1
Project("{FAE04EC0-301F-11D3-BF4B-00C04F79EFBC}") = "EFCoreHW", "EFCoreHW\EFCoreHW.csproj", "{9E792A69-AB43-494C-AB10-15DF9D6B6609}"
EndProject
Global
	GlobalSection(SolutionConfigurationPlatforms) = preSolution
		Debug|Any CPU = Debug|Any CPU
		Release|Any CPU = Release|Any CPU
	EndGlobalSection
	GlobalSection(ProjectConfigurationPlatforms) = postSolution
		{9E792A69-AB43-494C-AB10-15DF9D6B6609}.Debug|Any CPU.ActiveCfg = Debug|Any CPU
		{9E792A69-AB43-494C-AB10-15DF9D6B6609}.Debug|Any CPU.Build.0 = Debug|Any CPU
		{9E792A69-AB43-494C-AB10-15DF9D6B6609}.Release|Any CPU.ActiveCfg = Release|Any CPU
		{9E792A69-AB43-494C-AB10-15DF9D6B6609}.Release|Any CPU.Build.0 = Release|Any CPU
	EndGlobalSection
	GlobalSection(SolutionProperties) = preSolution
		HideSolutionNode = FALSE
	EndGlobalSection
	GlobalSection(ExtensibilityGlobals) = postSolution
		SolutionGuid = {6B5F332B-E274-4728-99AF-ADEC30EB78C3}
	EndGlobalSection
EndGlobal
